{
  "version": 4,
  "terraform_version": "1.0.3",
  "serial": 84,
  "lineage": "6ee8138c-5cb7-62a0-e1df-a9effeecc9c1",
  "outputs": {},
  "resources": [
    {
      "mode": "data",
      "type": "vsphere_datacenter",
      "name": "default",
      "provider": "provider[\"registry.terraform.io/hashicorp/vsphere\"]",
      "instances": [
        {
          "schema_version": 0,
          "attributes": {
            "id": "datacenter-2",
            "name": "iaas-001-datacenter"
          },
          "sensitive_attributes": []
        }
      ]
    },
    {
      "mode": "data",
      "type": "vsphere_datastore",
      "name": "gare_01",
      "provider": "provider[\"registry.terraform.io/hashicorp/vsphere\"]",
      "instances": [
        {
          "schema_version": 0,
          "attributes": {
            "datacenter_id": "datacenter-2",
            "id": "datastore-1430",
            "name": "iaas-001-ict-glp-ds01"
          },
          "sensitive_attributes": []
        }
      ]
    },
    {
      "mode": "data",
      "type": "vsphere_datastore",
      "name": "gare_02",
      "provider": "provider[\"registry.terraform.io/hashicorp/vsphere\"]",
      "instances": [
        {
          "schema_version": 0,
          "attributes": {
            "datacenter_id": "datacenter-2",
            "id": "datastore-1431",
            "name": "iaas-001-ict-glp-ds02"
          },
          "sensitive_attributes": []
        }
      ]
    },
    {
      "mode": "data",
      "type": "vsphere_datastore",
      "name": "gare_03",
      "provider": "provider[\"registry.terraform.io/hashicorp/vsphere\"]",
      "instances": [
        {
          "schema_version": 0,
          "attributes": {
            "datacenter_id": "datacenter-2",
            "id": "datastore-5914",
            "name": "iaas-001-ict-glp-ds03"
          },
          "sensitive_attributes": []
        }
      ]
    },
    {
      "mode": "data",
      "type": "vsphere_datastore",
      "name": "gare_04",
      "provider": "provider[\"registry.terraform.io/hashicorp/vsphere\"]",
      "instances": [
        {
          "schema_version": 0,
          "attributes": {
            "datacenter_id": "datacenter-2",
            "id": "datastore-5915",
            "name": "iaas-001-ict-glp-ds04"
          },
          "sensitive_attributes": []
        }
      ]
    },
    {
      "mode": "data",
      "type": "vsphere_datastore",
      "name": "gare_05",
      "provider": "provider[\"registry.terraform.io/hashicorp/vsphere\"]",
      "instances": [
        {
          "schema_version": 0,
          "attributes": {
            "datacenter_id": "datacenter-2",
            "id": "datastore-42953",
            "name": "iaas-001-ict-glp-ds05"
          },
          "sensitive_attributes": []
        }
      ]
    },
    {
      "mode": "data",
      "type": "vsphere_datastore",
      "name": "kirchberg_01",
      "provider": "provider[\"registry.terraform.io/hashicorp/vsphere\"]",
      "instances": [
        {
          "schema_version": 0,
          "attributes": {
            "datacenter_id": "datacenter-2",
            "id": "datastore-1509",
            "name": "iaas-001-ict-klp-ds01"
          },
          "sensitive_attributes": []
        }
      ]
    },
    {
      "mode": "data",
      "type": "vsphere_datastore",
      "name": "kirchberg_02",
      "provider": "provider[\"registry.terraform.io/hashicorp/vsphere\"]",
      "instances": [
        {
          "schema_version": 0,
          "attributes": {
            "datacenter_id": "datacenter-2",
            "id": "datastore-1510",
            "name": "iaas-001-ict-klp-ds02"
          },
          "sensitive_attributes": []
        }
      ]
    },
    {
      "mode": "data",
      "type": "vsphere_datastore",
      "name": "kirchberg_03",
      "provider": "provider[\"registry.terraform.io/hashicorp/vsphere\"]",
      "instances": [
        {
          "schema_version": 0,
          "attributes": {
            "datacenter_id": "datacenter-2",
            "id": "datastore-42954",
            "name": "iaas-001-ict-klp-ds03"
          },
          "sensitive_attributes": []
        }
      ]
    },
    {
      "mode": "data",
      "type": "vsphere_datastore_cluster",
      "name": "default",
      "provider": "provider[\"registry.terraform.io/hashicorp/vsphere\"]",
      "instances": [
        {
          "schema_version": 0,
          "attributes": {
            "datacenter_id": "datacenter-2",
            "id": "group-p1633",
            "name": "DATI : ICT"
          },
          "sensitive_attributes": []
        }
      ]
    },
    {
      "mode": "data",
      "type": "vsphere_network",
      "name": "devops",
      "provider": "provider[\"registry.terraform.io/hashicorp/vsphere\"]",
      "instances": [
        {
          "schema_version": 0,
          "attributes": {
            "datacenter_id": "datacenter-2",
            "distributed_virtual_switch_uuid": null,
            "id": "dvportgroup-308",
            "name": "3027:ICT:DevOps",
            "type": "DistributedVirtualPortgroup"
          },
          "sensitive_attributes": []
        }
      ]
    },
    {
      "mode": "data",
      "type": "vsphere_network",
      "name": "k8s_servers",
      "provider": "provider[\"registry.terraform.io/hashicorp/vsphere\"]",
      "instances": [
        {
          "schema_version": 0,
          "attributes": {
            "datacenter_id": "datacenter-2",
            "distributed_virtual_switch_uuid": null,
            "id": "dvportgroup-158563",
            "name": "3019:ICT:K8S-Servers",
            "type": "DistributedVirtualPortgroup"
          },
          "sensitive_attributes": []
        }
      ]
    },
    {
      "mode": "data",
      "type": "vsphere_resource_pool",
      "name": "gare_low",
      "provider": "provider[\"registry.terraform.io/hashicorp/vsphere\"]",
      "instances": [
        {
          "schema_version": 0,
          "attributes": {
            "datacenter_id": "datacenter-2",
            "id": "resgroup-55551",
            "name": "g.lo : DATI : ICT"
          },
          "sensitive_attributes": []
        }
      ]
    },
    {
      "mode": "data",
      "type": "vsphere_resource_pool",
      "name": "kirchberg_low",
      "provider": "provider[\"registry.terraform.io/hashicorp/vsphere\"]",
      "instances": [
        {
          "schema_version": 0,
          "attributes": {
            "datacenter_id": "datacenter-2",
            "id": "resgroup-1631",
            "name": "k.lo : DATI : ICT"
          },
          "sensitive_attributes": []
        }
      ]
    },
    {
      "mode": "data",
      "type": "vsphere_virtual_machine",
      "name": "template_ubuntu",
      "provider": "provider[\"registry.terraform.io/hashicorp/vsphere\"]",
      "instances": [
        {
          "schema_version": 0,
          "attributes": {
            "alternate_guest_name": "",
            "annotation": "",
            "boot_delay": 0,
            "boot_retry_delay": 10000,
            "boot_retry_enabled": false,
            "change_version": "2021-03-22T13:53:05.646447Z",
            "cpu_hot_add_enabled": false,
            "cpu_hot_remove_enabled": false,
            "cpu_limit": -1,
            "cpu_performance_counters_enabled": false,
            "cpu_reservation": 0,
            "cpu_share_count": 2000,
            "cpu_share_level": "normal",
            "datacenter_id": "datacenter-2",
            "disks": [
              {
                "eagerly_scrub": false,
                "label": "Hard disk 1",
                "size": 10,
                "thin_provisioned": true,
                "unit_number": 0
              }
            ],
            "efi_secure_boot_enabled": false,
            "enable_disk_uuid": false,
            "enable_logging": true,
            "ept_rvi_mode": "automatic",
            "extra_config": {},
            "firmware": "bios",
            "guest_id": "ubuntu64Guest",
            "guest_ip_addresses": [],
            "hardware_version": 10,
            "hv_mode": "hvAuto",
            "id": "423bbaf7-ebc0-a049-7a8f-49b8ed26e653",
            "ide_controller_scan_count": 2,
            "latency_sensitivity": "normal",
            "memory": 1024,
            "memory_hot_add_enabled": false,
            "memory_limit": -1,
            "memory_reservation": 0,
            "memory_share_count": 10240,
            "memory_share_level": "normal",
            "name": "ubuntu-focal-20.04-cloudimg",
            "nested_hv_enabled": false,
            "network_interface_types": [
              "vmxnet3"
            ],
            "network_interfaces": [
              {
                "adapter_type": "vmxnet3",
                "bandwidth_limit": -1,
                "bandwidth_reservation": 0,
                "bandwidth_share_count": 50,
                "bandwidth_share_level": "normal",
                "mac_address": "00:50:56:bb:47:17",
                "network_id": "dvportgroup-308"
              }
            ],
            "num_cores_per_socket": 1,
            "num_cpus": 2,
            "replace_trigger": null,
            "run_tools_scripts_after_power_on": true,
            "run_tools_scripts_after_resume": true,
            "run_tools_scripts_before_guest_reboot": false,
            "run_tools_scripts_before_guest_shutdown": true,
            "run_tools_scripts_before_guest_standby": true,
            "sata_controller_scan_count": 0,
            "scsi_bus_sharing": "noSharing",
            "scsi_controller_scan_count": 1,
            "scsi_type": "pvscsi",
            "storage_policy_id": null,
            "swap_placement_policy": "inherit",
            "sync_time_with_host": false,
            "sync_time_with_host_periodically": false,
            "uuid": "423bbaf7-ebc0-a049-7a8f-49b8ed26e653",
            "vapp": null,
            "vapp_transport": [
              "iso"
            ],
            "vbs_enabled": false,
            "vvtd_enabled": false
          },
          "sensitive_attributes": []
        }
      ]
    },
    {
      "module": "module.bitwarden-test-primary",
      "mode": "managed",
      "type": "vsphere_virtual_machine",
      "name": "node",
      "provider": "provider[\"registry.terraform.io/hashicorp/vsphere\"]",
      "instances": [
        {
          "schema_version": 3,
          "attributes": {
            "alternate_guest_name": "",
            "annotation": "",
            "boot_delay": 0,
            "boot_retry_delay": 10000,
            "boot_retry_enabled": false,
            "cdrom": [
              {
                "client_device": true,
                "datastore_id": "",
                "device_address": "ide:1:0",
                "key": 3002,
                "path": ""
              }
            ],
            "change_version": "2021-09-09T07:08:30.293353Z",
            "clone": [
              {
                "customize": [],
                "linked_clone": false,
                "ovf_network_map": {},
                "ovf_storage_map": {},
                "template_uuid": "423bbaf7-ebc0-a049-7a8f-49b8ed26e653",
                "timeout": 30
              }
            ],
            "cpu_hot_add_enabled": false,
            "cpu_hot_remove_enabled": false,
            "cpu_limit": -1,
            "cpu_performance_counters_enabled": false,
            "cpu_reservation": 0,
            "cpu_share_count": 4000,
            "cpu_share_level": "normal",
            "custom_attributes": {},
            "datacenter_id": null,
            "datastore_cluster_id": "group-p1633",
            "datastore_id": "datastore-42954",
            "default_ip_address": "172.29.252.71",
            "disk": [
              {
                "attach": false,
                "controller_type": "scsi",
                "datastore_id": "datastore-42954",
                "device_address": "scsi:0:0",
                "disk_mode": "persistent",
                "disk_sharing": "sharingNone",
                "eagerly_scrub": false,
                "io_limit": -1,
                "io_reservation": 0,
                "io_share_count": 1000,
                "io_share_level": "normal",
                "keep_on_remove": false,
                "key": 2000,
                "label": "disk0",
                "path": "bitwarden-test-primary/bitwarden-test-primary.vmdk",
                "size": 200,
                "storage_policy_id": "",
                "thin_provisioned": true,
                "unit_number": 0,
                "uuid": "6000C299-cd8b-a87a-9038-00f63cc80dac",
                "write_through": false
              }
            ],
            "efi_secure_boot_enabled": false,
            "enable_disk_uuid": false,
            "enable_logging": false,
            "ept_rvi_mode": "automatic",
            "extra_config": {},
            "firmware": "bios",
            "folder": "_root/DATI : ICT/Bitwarden",
            "force_power_off": true,
            "guest_id": "ubuntu64Guest",
            "guest_ip_addresses": [
              "192.168.160.1",
              "fe80::42:e8ff:feee:40a0",
              "192.168.160.1",
              "fe80::42:e8ff:feee:40a0",
              "172.29.252.71",
              "fe80::250:56ff:febb:69c7"
            ],
            "hardware_version": 10,
            "host_system_id": "host-1506",
            "hv_mode": "hvAuto",
            "id": "423b5dbc-6fb9-8f4e-cee5-60a0398b3862",
            "ide_controller_count": 2,
            "ignored_guest_ips": null,
            "imported": null,
            "latency_sensitivity": "normal",
            "memory": 4096,
            "memory_hot_add_enabled": false,
            "memory_limit": -1,
            "memory_reservation": 0,
            "memory_share_count": 40960,
            "memory_share_level": "normal",
            "migrate_wait_timeout": 30,
            "moid": "vm-287459",
            "name": "bitwarden-test-primary",
            "nested_hv_enabled": false,
            "network_interface": [
              {
                "adapter_type": "vmxnet3",
                "bandwidth_limit": -1,
                "bandwidth_reservation": 0,
                "bandwidth_share_count": 50,
                "bandwidth_share_level": "normal",
                "device_address": "pci:0:7",
                "key": 4000,
                "mac_address": "00:50:56:bb:69:c7",
                "network_id": "dvportgroup-308",
                "ovf_mapping": "",
                "use_static_mac": false
              }
            ],
            "num_cores_per_socket": 4,
            "num_cpus": 4,
            "ovf_deploy": [],
            "pci_device_id": [],
            "poweron_timeout": 300,
            "reboot_required": false,
            "replace_trigger": null,
            "resource_pool_id": "resgroup-1631",
            "run_tools_scripts_after_power_on": true,
            "run_tools_scripts_after_resume": true,
            "run_tools_scripts_before_guest_reboot": false,
            "run_tools_scripts_before_guest_shutdown": true,
            "run_tools_scripts_before_guest_standby": true,
            "sata_controller_count": 0,
            "scsi_bus_sharing": "noSharing",
            "scsi_controller_count": 1,
            "scsi_type": "pvscsi",
            "shutdown_wait_timeout": 3,
            "storage_policy_id": "",
            "swap_placement_policy": "inherit",
            "sync_time_with_host": false,
            "sync_time_with_host_periodically": false,
            "tags": [],
            "uuid": "423b5dbc-6fb9-8f4e-cee5-60a0398b3862",
            "vapp": [
              {
                "properties": {
                  "hostname": "bitwarden-test-primary.ict.ptech.lu",
                  "user-data": "I2Nsb3VkLWNvbmZpZwoKIyA9PT09PT09PT09PT09PT09PT09PT09PT09PT09PT09PT09PT09PT09PT09PT09PT09PT09PT09PT09PT09PT09PT09PT0KIyBVc2VycywgYXV0aGVudGljYXRpb24gYW5kIG1pc2MuCiMgPT09PT09PT09PT09PT09PT09PT09PT09PT09PT09PT09PT09PT09PT09PT09PT09PT09PT09PT09PT09PT09PT09PT09Cgp1c2VyczoKICAtIG5hbWU6IGFuc2N0bAogICAgZ2Vjb3M6IGFuc2N0bAogICAgbG9ja19wYXNzd2Q6IGZhbHNlCiAgICBwbGFpbl90ZXh0X3Bhc3N3ZDogYW5zY3RsCiAgICBncm91cHM6IHN1ZG8sIHVzZXJzLCBhZG1pbgogICAgc2hlbGw6IC9iaW4vYmFzaAogICAgc3VkbzogQUxMPShBTEwpIE5PUEFTU1dEOkFMTAoKZGlzYWJsZV9yb290OiB0cnVlCnNzaF9wd2F1dGg6IHllcwpob3N0bmFtZTogYml0d2FyZGVuLXRlc3QtcHJpbWFyeS5pY3QucHRlY2gubHUKCiMgPT09PT09PT09PT09PT09PT09PT09PT09PT09PT09PT09PT09PT09PT09PT09PT09PT09PT09PT09PT09PT09PT09PT09CiMgQ29uZmlnLXRpbWUgc2V0dXAKIyA9PT09PT09PT09PT09PT09PT09PT09PT09PT09PT09PT09PT09PT09PT09PT09PT09PT09PT09PT09PT09PT09PT09PT0KCndyaXRlX2ZpbGVzOgogICMgRGlzYWJsZSBhdXRvbWF0aWMgTmV0cGxhbiBjb25maWd1cmF0aW9uCiAgLSBwYXRoOiAvZXRjL2Nsb3VkL2Nsb3VkLmNmZy5kLzk5LWRpc2FibGUtbmV0d29yay1jb25maWcuY2ZnCiAgICBjb250ZW50OiB8CiAgICAgIG5ldHdvcms6IHsgY29uZmlnOiBkaXNhYmxlZCB9CiAgIyBDdXN0b20gTmV0cGxhbiBjb25maWd1cmF0aW9uCiAgLSBwYXRoOiAvZXRjL25ldHBsYW4vNTAtY2xvdWQtaW5pdC55YW1sCiAgICBjb250ZW50OiB8CiAgICAgICAgbmV0d29yazoKICAgICAgICAgICAgdmVyc2lvbjogMgogICAgICAgICAgICBldGhlcm5ldHM6CiAgICAgICAgICAgICAgICBlbnMxOTI6CiAgICAgICAgICAgICAgICAgICAgYWRkcmVzc2VzOgogICAgICAgICAgICAgICAgICAgICAgICAtIDE3Mi4yOS4yNTIuNzEvMjQKICAgICAgICAgICAgICAgICAgICBnYXRld2F5NDogMTcyLjI5LjI1Mi4xCiAgICAgICAgICAgICAgICAgICAgbmFtZXNlcnZlcnM6CiAgICAgICAgICAgICAgICAgICAgICAgIGFkZHJlc3NlczoKICAgICAgICAgICAgICAgICAgICAgICAgICAgIC0gMTcyLjI5LjI0NS4xCiAgICAgICAgICAgICAgICAgICAgICAgIHNlYXJjaDoKICAgICAgICAgICAgICAgICAgICAgICAgICAgIC0gZHQuZXB0Lmx1CiAgICAgICAgICAgICAgICAgICAgICAgICAgICAtIHB0ZWNoLmx1CiAgICAgICAgICAgICAgICAgICAgICAgICAgICAtIGljdC5wdGVjaC5sdQoKIyA9PT09PT09PT09PT09PT09PT09PT09PT09PT09PT09PT09PT09PT09PT09PT09PT09PT09PT09PT09PT09PT09PT09PT0KIyBSdW4tdGltZSBzZXR1cAojID09PT09PT09PT09PT09PT09PT09PT09PT09PT09PT09PT09PT09PT09PT09PT09PT09PT09PT09PT09PT09PT09PT09PQoKcnVuY21kOgojIEFwcGx5IE5ldHBsYW4gY29uZmlndXJhdGlvbgotIG5ldHBsYW4gYXBwbHkKIyBTZXQgaG9zdG5hbWUKLSBob3N0bmFtZWN0bCBzZXQtaG9zdG5hbWUgYml0d2FyZGVuLXRlc3QtcHJpbWFyeS5pY3QucHRlY2gubHUK"
                }
              }
            ],
            "vapp_transport": [
              "iso"
            ],
            "vbs_enabled": false,
            "vmware_tools_status": "guestToolsRunning",
            "vmx_path": "bitwarden-test-primary/bitwarden-test-primary.vmx",
            "vvtd_enabled": false,
            "wait_for_guest_ip_timeout": 0,
            "wait_for_guest_net_routable": true,
            "wait_for_guest_net_timeout": 5
          },
          "sensitive_attributes": [],
          "private": "eyJzY2hlbWFfdmVyc2lvbiI6IjMifQ==",
          "dependencies": [
            "data.vsphere_network.devops",
            "data.vsphere_resource_pool.kirchberg_low",
            "data.vsphere_virtual_machine.template_ubuntu",
            "data.vsphere_datacenter.default",
            "data.vsphere_datastore_cluster.default"
          ]
        }
      ]
    },
    {
      "module": "module.docker-registry-gare",
      "mode": "managed",
      "type": "vsphere_virtual_machine",
      "name": "node",
      "provider": "provider[\"registry.terraform.io/hashicorp/vsphere\"]",
      "instances": [
        {
          "schema_version": 3,
          "attributes": {
            "alternate_guest_name": "",
            "annotation": "",
            "boot_delay": 0,
            "boot_retry_delay": 10000,
            "boot_retry_enabled": false,
            "cdrom": [
              {
                "client_device": true,
                "datastore_id": "",
                "device_address": "ide:1:0",
                "key": 3002,
                "path": ""
              }
            ],
            "change_version": "2021-08-20T10:14:14.797117Z",
            "clone": [
              {
                "customize": [],
                "linked_clone": false,
                "ovf_network_map": {},
                "ovf_storage_map": {},
                "template_uuid": "423bbaf7-ebc0-a049-7a8f-49b8ed26e653",
                "timeout": 30
              }
            ],
            "cpu_hot_add_enabled": false,
            "cpu_hot_remove_enabled": false,
            "cpu_limit": -1,
            "cpu_performance_counters_enabled": false,
            "cpu_reservation": 0,
            "cpu_share_count": 4000,
            "cpu_share_level": "normal",
            "custom_attributes": {},
            "datacenter_id": null,
            "datastore_cluster_id": "group-p1633",
            "datastore_id": "datastore-162776",
            "default_ip_address": "172.29.42.13",
            "disk": [
              {
                "attach": false,
                "controller_type": "scsi",
                "datastore_id": "datastore-162776",
                "device_address": "scsi:0:0",
                "disk_mode": "persistent",
                "disk_sharing": "sharingNone",
                "eagerly_scrub": false,
                "io_limit": -1,
                "io_reservation": 0,
                "io_share_count": 1000,
                "io_share_level": "normal",
                "keep_on_remove": false,
                "key": 2000,
                "label": "disk0",
                "path": "docker-registry-gare/docker-registry-gare.vmdk",
                "size": 200,
                "storage_policy_id": "",
                "thin_provisioned": true,
                "unit_number": 0,
                "uuid": "6000C291-640e-f429-69b7-36c7027c3f85",
                "write_through": false
              }
            ],
            "efi_secure_boot_enabled": false,
            "enable_disk_uuid": false,
            "enable_logging": false,
            "ept_rvi_mode": "automatic",
            "extra_config": {},
            "firmware": "bios",
            "folder": "_root/DATI : ICT/K8S/registries",
            "force_power_off": true,
            "guest_id": "ubuntu64Guest",
            "guest_ip_addresses": [
              "172.29.42.13",
              "fe80::250:56ff:febb:d49a"
            ],
            "hardware_version": 10,
            "host_system_id": "host-1572",
            "hv_mode": "hvAuto",
            "id": "423bc9ee-26d6-0f55-4865-3c04c344f49c",
            "ide_controller_count": 2,
            "ignored_guest_ips": null,
            "imported": null,
            "latency_sensitivity": "normal",
            "memory": 4096,
            "memory_hot_add_enabled": false,
            "memory_limit": -1,
            "memory_reservation": 0,
            "memory_share_count": 40960,
            "memory_share_level": "normal",
            "migrate_wait_timeout": 30,
            "moid": "vm-186763",
            "name": "docker-registry-gare",
            "nested_hv_enabled": false,
            "network_interface": [
              {
                "adapter_type": "vmxnet3",
                "bandwidth_limit": -1,
                "bandwidth_reservation": 0,
                "bandwidth_share_count": 50,
                "bandwidth_share_level": "normal",
                "device_address": "pci:0:7",
                "key": 4000,
                "mac_address": "00:50:56:bb:d4:9a",
                "network_id": "dvportgroup-158563",
                "ovf_mapping": "",
                "use_static_mac": false
              }
            ],
            "num_cores_per_socket": 4,
            "num_cpus": 4,
            "ovf_deploy": [],
            "pci_device_id": [],
            "poweron_timeout": 300,
            "reboot_required": false,
            "replace_trigger": null,
            "resource_pool_id": "resgroup-55551",
            "run_tools_scripts_after_power_on": true,
            "run_tools_scripts_after_resume": true,
            "run_tools_scripts_before_guest_reboot": false,
            "run_tools_scripts_before_guest_shutdown": true,
            "run_tools_scripts_before_guest_standby": true,
            "sata_controller_count": 0,
            "scsi_bus_sharing": "noSharing",
            "scsi_controller_count": 1,
            "scsi_type": "pvscsi",
            "shutdown_wait_timeout": 3,
            "storage_policy_id": "",
            "swap_placement_policy": "inherit",
            "sync_time_with_host": true,
            "sync_time_with_host_periodically": false,
            "tags": [],
            "uuid": "423bc9ee-26d6-0f55-4865-3c04c344f49c",
            "vapp": [
              {
                "properties": {
                  "hostname": "docker-registry-gare.dt.ept.lu",
                  "user-data": "I2Nsb3VkLWNvbmZpZwoKIyA9PT09PT09PT09PT09PT09PT09PT09PT09PT09PT09PT09PT09PT09PT09PT09PT09PT09PT09PT09PT09PT09PT09PT0KIyBVc2VycywgYXV0aGVudGljYXRpb24gYW5kIG1pc2MuCiMgPT09PT09PT09PT09PT09PT09PT09PT09PT09PT09PT09PT09PT09PT09PT09PT09PT09PT09PT09PT09PT09PT09PT09Cgp1c2VyczoKICAtIG5hbWU6IGFuc2N0bAogICAgZ2Vjb3M6IGFuc2N0bAogICAgbG9ja19wYXNzd2Q6IGZhbHNlCiAgICBwbGFpbl90ZXh0X3Bhc3N3ZDogYW5zY3RsCiAgICBncm91cHM6IHN1ZG8sIHVzZXJzLCBhZG1pbgogICAgc2hlbGw6IC9iaW4vYmFzaAogICAgc3VkbzogQUxMPShBTEwpIE5PUEFTU1dEOkFMTAoKZGlzYWJsZV9yb290OiB0cnVlCnNzaF9wd2F1dGg6IHllcwpob3N0bmFtZTogZG9ja2VyLXJlZ2lzdHJ5LWdhcmUuZHQuZXB0Lmx1CgojID09PT09PT09PT09PT09PT09PT09PT09PT09PT09PT09PT09PT09PT09PT09PT09PT09PT09PT09PT09PT09PT09PT09PQojIENvbmZpZy10aW1lIHNldHVwCiMgPT09PT09PT09PT09PT09PT09PT09PT09PT09PT09PT09PT09PT09PT09PT09PT09PT09PT09PT09PT09PT09PT09PT09Cgp3cml0ZV9maWxlczoKICAjIERpc2FibGUgYXV0b21hdGljIE5ldHBsYW4gY29uZmlndXJhdGlvbgogIC0gcGF0aDogL2V0Yy9jbG91ZC9jbG91ZC5jZmcuZC85OS1kaXNhYmxlLW5ldHdvcmstY29uZmlnLmNmZwogICAgY29udGVudDogfAogICAgICBuZXR3b3JrOiB7IGNvbmZpZzogZGlzYWJsZWQgfQogICMgQ3VzdG9tIE5ldHBsYW4gY29uZmlndXJhdGlvbgogIC0gcGF0aDogL2V0Yy9uZXRwbGFuLzUwLWNsb3VkLWluaXQueWFtbAogICAgY29udGVudDogfAogICAgICAgIG5ldHdvcms6CiAgICAgICAgICAgIHZlcnNpb246IDIKICAgICAgICAgICAgZXRoZXJuZXRzOgogICAgICAgICAgICAgICAgZW5zMTkyOgogICAgICAgICAgICAgICAgICAgIGFkZHJlc3NlczoKICAgICAgICAgICAgICAgICAgICAgICAgLSAxNzIuMjkuNDIuMTMvMjQKICAgICAgICAgICAgICAgICAgICBnYXRld2F5NDogMTcyLjI5LjQyLjEKICAgICAgICAgICAgICAgICAgICBuYW1lc2VydmVyczoKICAgICAgICAgICAgICAgICAgICAgICAgYWRkcmVzc2VzOgogICAgICAgICAgICAgICAgICAgICAgICAgICAgLSAxNzIuMjkuMjQ1LjEKICAgICAgICAgICAgICAgICAgICAgICAgc2VhcmNoOgogICAgICAgICAgICAgICAgICAgICAgICAgICAgLSBkdC5lcHQubHUKICAjIERvY2tlciByZWdpc3RyeSBjb25maWcKICAtIHBhdGg6IC9ldGMvZG9ja2VyL3JlZ2lzdHJ5L2NvbmZpZy55bWwKICAgIGNvbnRlbnQ6IHwKICAgICAgICB2ZXJzaW9uOiAwLjEKICAgICAgICBsb2c6CiAgICAgICAgICAgIGZpZWxkczoKICAgICAgICAgICAgICAgIHNlcnZpY2U6IHJlZ2lzdHJ5CiAgICAgICAgc3RvcmFnZToKICAgICAgICAgICAgY2FjaGU6CiAgICAgICAgICAgICAgICBibG9iZGVzY3JpcHRvcjogaW5tZW1vcnkKICAgICAgICAgICAgZmlsZXN5c3RlbToKICAgICAgICAgICAgICAgIHJvb3RkaXJlY3Rvcnk6IC92YXIvbGliL3JlZ2lzdHJ5CiAgICAgICAgaHR0cDoKICAgICAgICAgICAgYWRkcjogOjUwMDAKICAgICAgICAgICAgaGVhZGVyczoKICAgICAgICAgICAgICAgIFgtQ29udGVudC1UeXBlLU9wdGlvbnM6IFtub3NuaWZmXQogICAgICAgIGhlYWx0aDoKICAgICAgICAgICAgc3RvcmFnZWRyaXZlcjoKICAgICAgICAgICAgICAgIGVuYWJsZWQ6IHRydWUKICAgICAgICAgICAgICAgIGludGVydmFsOiAxMHMKICAgICAgICAgICAgICAgIHRocmVzaG9sZDogMwogICAgICAgIHByb3h5OgogICAgICAgICAgICByZW1vdGV1cmw6IGh0dHBzOi8vcmVnaXN0cnktMS5kb2NrZXIuaW8KICAgICAgICAgICAgdXNlcm5hbWU6IGljdGRldm9wcwogICAgICAgICAgICBwYXNzd29yZDogeHViZ2EwLUtpbm5hYi1yZXJwZXoKCgojID09PT09PT09PT09PT09PT09PT09PT09PT09PT09PT09PT09PT09PT09PT09PT09PT09PT09PT09PT09PT09PT09PT09PQojIFJ1bi10aW1lIHNldHVwCiMgPT09PT09PT09PT09PT09PT09PT09PT09PT09PT09PT09PT09PT09PT09PT09PT09PT09PT09PT09PT09PT09PT09PT09CgpydW5jbWQ6CiMgQXBwbHkgTmV0cGxhbiBjb25maWd1cmF0aW9uCi0gbmV0cGxhbiBhcHBseQojIFNldCBob3N0bmFtZQotIGhvc3RuYW1lY3RsIHNldC1ob3N0bmFtZSBkb2NrZXItcmVnaXN0cnktZ2FyZS5kdC5lcHQubHUKIyBDbGVhbnVwIERvY2tlcgotIGFwdC1nZXQgcmVtb3ZlIC15IGRvY2tlciBkb2NrZXItZW5naW5lIGRvY2tlci5pbyBjb250YWluZXJkIHJ1bmMKIyBJbnN0YWxsIERvY2tlciBkZXBlbmRlbmNpZXMKLSBhcHQtZ2V0IHVwZGF0ZQotIGFwdC1nZXQgaW5zdGFsbCAteSBhcHQtdHJhbnNwb3J0LWh0dHBzIGNhLWNlcnRpZmljYXRlcyBjdXJsIGdudXBnIGxzYi1yZWxlYXNlCiMgQWRkIERvY2tlciBHUEcga2V5Ci0gY3VybCAtZnNTTCBodHRwczovL2Rvd25sb2FkLmRvY2tlci5jb20vbGludXgvdWJ1bnR1L2dwZyB8IHN1ZG8gZ3BnIC0tZGVhcm1vciAtbyAvdXNyL3NoYXJlL2tleXJpbmdzL2RvY2tlci1hcmNoaXZlLWtleXJpbmcuZ3BnCi0gZWNobyAiZGViIFthcmNoPWFtZDY0IHNpZ25lZC1ieT0vdXNyL3NoYXJlL2tleXJpbmdzL2RvY2tlci1hcmNoaXZlLWtleXJpbmcuZ3BnXSBodHRwczovL2Rvd25sb2FkLmRvY2tlci5jb20vbGludXgvdWJ1bnR1ICQobHNiX3JlbGVhc2UgLWNzKSBzdGFibGUiIHwgc3VkbyB0ZWUgL2V0Yy9hcHQvc291cmNlcy5saXN0LmQvZG9ja2VyLmxpc3QgPiAvZGV2L251bGwKIyBJbnN0YWxsIERvY2tlcgotIGFwdC1nZXQgdXBkYXRlCi0gYXB0LWdldCBpbnN0YWxsIC15IGRvY2tlci1jZSBkb2NrZXItY2UtY2xpIGNvbnRhaW5lcmQuaW8KIyBQcmVwYXJlIHJlZ2lzdHJ5IGVudmlyb25tZW50Ci0gbWtkaXIgL3Zhci9saWIvcmVnaXN0cnkKIyBMb2dpbiB0byBEb2NrZXIgSHViCi0gZG9ja2VyIGxvZ2luIC11IGljdGRldm9wcyAtcCB4dWJnYTAtS2lubmFiLXJlcnBlegojIFJ1biBEb2NrZXIgcmVnaXN0cnkKLSBkb2NrZXIgcnVuIC1kIC1wIDUwMDA6NTAwMCAtLXJlc3RhcnQ9YWx3YXlzIC0tbmFtZSByZWdpc3RyeSAtdiAvZXRjL2RvY2tlci9yZWdpc3RyeS9jb25maWcueW1sOi9ldGMvZG9ja2VyL3JlZ2lzdHJ5L2NvbmZpZy55bWwgLXYgL3Zhci9saWIvcmVnaXN0cnk6L3Zhci9saWIvcmVnaXN0cnkgcmVnaXN0cnk6Mgo="
                }
              }
            ],
            "vapp_transport": [
              "iso"
            ],
            "vbs_enabled": false,
            "vmware_tools_status": "guestToolsRunning",
            "vmx_path": "docker-registry-gare/docker-registry-gare.vmx",
            "vvtd_enabled": false,
            "wait_for_guest_ip_timeout": 0,
            "wait_for_guest_net_routable": true,
            "wait_for_guest_net_timeout": 5
          },
          "sensitive_attributes": [
            [
              {
                "type": "get_attr",
                "value": "vapp"
              },
              {
                "type": "index",
                "value": {
                  "value": 0,
                  "type": "number"
                }
              },
              {
                "type": "get_attr",
                "value": "properties"
              },
              {
                "type": "index",
                "value": {
                  "value": "user-data",
                  "type": "string"
                }
              }
            ]
          ],
          "private": "eyJzY2hlbWFfdmVyc2lvbiI6IjMifQ==",
          "dependencies": [
            "data.vsphere_datacenter.default",
            "data.vsphere_datastore_cluster.default",
            "data.vsphere_network.k8s_servers",
            "data.vsphere_resource_pool.gare_low",
            "data.vsphere_virtual_machine.template_ubuntu"
          ]
        }
      ]
    },
    {
      "module": "module.docker-registry-kirchberg",
      "mode": "managed",
      "type": "vsphere_virtual_machine",
      "name": "node",
      "provider": "provider[\"registry.terraform.io/hashicorp/vsphere\"]",
      "instances": [
        {
          "schema_version": 3,
          "attributes": {
            "alternate_guest_name": "",
            "annotation": "",
            "boot_delay": 0,
            "boot_retry_delay": 10000,
            "boot_retry_enabled": false,
            "cdrom": [
              {
                "client_device": true,
                "datastore_id": "",
                "device_address": "ide:1:0",
                "key": 3002,
                "path": ""
              }
            ],
            "change_version": "2021-09-01T22:26:22.946168Z",
            "clone": [
              {
                "customize": [],
                "linked_clone": false,
                "ovf_network_map": {},
                "ovf_storage_map": {},
                "template_uuid": "423bbaf7-ebc0-a049-7a8f-49b8ed26e653",
                "timeout": 30
              }
            ],
            "cpu_hot_add_enabled": false,
            "cpu_hot_remove_enabled": false,
            "cpu_limit": -1,
            "cpu_performance_counters_enabled": false,
            "cpu_reservation": 0,
            "cpu_share_count": 4000,
            "cpu_share_level": "normal",
            "custom_attributes": {},
            "datacenter_id": null,
            "datastore_cluster_id": "group-p1633",
            "datastore_id": "datastore-42954",
            "default_ip_address": "172.29.42.12",
            "disk": [
              {
                "attach": false,
                "controller_type": "scsi",
                "datastore_id": "datastore-42954",
                "device_address": "scsi:0:0",
                "disk_mode": "persistent",
                "disk_sharing": "sharingNone",
                "eagerly_scrub": false,
                "io_limit": -1,
                "io_reservation": 0,
                "io_share_count": 1000,
                "io_share_level": "normal",
                "keep_on_remove": false,
                "key": 2000,
                "label": "disk0",
                "path": "docker-registry-kirchberg/docker-registry-kirchberg.vmdk",
                "size": 200,
                "storage_policy_id": "",
                "thin_provisioned": true,
                "unit_number": 0,
                "uuid": "6000C299-cd8b-a87a-9038-00f63cc80dac",
                "write_through": false
              }
            ],
            "efi_secure_boot_enabled": false,
            "enable_disk_uuid": false,
            "enable_logging": false,
            "ept_rvi_mode": "automatic",
            "extra_config": {},
            "firmware": "bios",
            "folder": "_root/DATI : ICT/K8S/registries",
            "force_power_off": true,
            "guest_id": "ubuntu64Guest",
            "guest_ip_addresses": [
              "172.29.42.12",
              "fe80::250:56ff:febb:f1bf"
            ],
            "hardware_version": 10,
            "host_system_id": "host-1526",
            "hv_mode": "hvAuto",
            "id": "423b09ef-7659-f788-a0c9-3af3d3f18fee",
            "ide_controller_count": 2,
            "ignored_guest_ips": null,
            "imported": null,
            "latency_sensitivity": "normal",
            "memory": 4096,
            "memory_hot_add_enabled": false,
            "memory_limit": -1,
            "memory_reservation": 0,
            "memory_share_count": 40960,
            "memory_share_level": "normal",
            "migrate_wait_timeout": 30,
            "moid": "vm-186762",
            "name": "docker-registry-kirchberg",
            "nested_hv_enabled": false,
            "network_interface": [
              {
                "adapter_type": "vmxnet3",
                "bandwidth_limit": -1,
                "bandwidth_reservation": 0,
                "bandwidth_share_count": 50,
                "bandwidth_share_level": "normal",
                "device_address": "pci:0:7",
                "key": 4000,
                "mac_address": "00:50:56:bb:f1:bf",
                "network_id": "dvportgroup-158563",
                "ovf_mapping": "",
                "use_static_mac": false
              }
            ],
            "num_cores_per_socket": 4,
            "num_cpus": 4,
            "ovf_deploy": [],
            "pci_device_id": [],
            "poweron_timeout": 300,
            "reboot_required": false,
            "replace_trigger": null,
            "resource_pool_id": "resgroup-1631",
            "run_tools_scripts_after_power_on": true,
            "run_tools_scripts_after_resume": true,
            "run_tools_scripts_before_guest_reboot": false,
            "run_tools_scripts_before_guest_shutdown": true,
            "run_tools_scripts_before_guest_standby": true,
            "sata_controller_count": 0,
            "scsi_bus_sharing": "noSharing",
            "scsi_controller_count": 1,
            "scsi_type": "pvscsi",
            "shutdown_wait_timeout": 3,
            "storage_policy_id": "",
            "swap_placement_policy": "inherit",
            "sync_time_with_host": true,
            "sync_time_with_host_periodically": false,
            "tags": [],
            "uuid": "423b09ef-7659-f788-a0c9-3af3d3f18fee",
            "vapp": [
              {
                "properties": {
                  "hostname": "docker-registry-kirchberg.dt.ept.lu",
                  "user-data": "I2Nsb3VkLWNvbmZpZwoKIyA9PT09PT09PT09PT09PT09PT09PT09PT09PT09PT09PT09PT09PT09PT09PT09PT09PT09PT09PT09PT09PT09PT09PT0KIyBVc2VycywgYXV0aGVudGljYXRpb24gYW5kIG1pc2MuCiMgPT09PT09PT09PT09PT09PT09PT09PT09PT09PT09PT09PT09PT09PT09PT09PT09PT09PT09PT09PT09PT09PT09PT09Cgp1c2VyczoKICAtIG5hbWU6IGFuc2N0bAogICAgZ2Vjb3M6IGFuc2N0bAogICAgbG9ja19wYXNzd2Q6IGZhbHNlCiAgICBwbGFpbl90ZXh0X3Bhc3N3ZDogYW5zY3RsCiAgICBncm91cHM6IHN1ZG8sIHVzZXJzLCBhZG1pbgogICAgc2hlbGw6IC9iaW4vYmFzaAogICAgc3VkbzogQUxMPShBTEwpIE5PUEFTU1dEOkFMTAoKZGlzYWJsZV9yb290OiB0cnVlCnNzaF9wd2F1dGg6IHllcwpob3N0bmFtZTogZG9ja2VyLXJlZ2lzdHJ5LWtpcmNoYmVyZy5kdC5lcHQubHUKCiMgPT09PT09PT09PT09PT09PT09PT09PT09PT09PT09PT09PT09PT09PT09PT09PT09PT09PT09PT09PT09PT09PT09PT09CiMgQ29uZmlnLXRpbWUgc2V0dXAKIyA9PT09PT09PT09PT09PT09PT09PT09PT09PT09PT09PT09PT09PT09PT09PT09PT09PT09PT09PT09PT09PT09PT09PT0KCndyaXRlX2ZpbGVzOgogICMgRGlzYWJsZSBhdXRvbWF0aWMgTmV0cGxhbiBjb25maWd1cmF0aW9uCiAgLSBwYXRoOiAvZXRjL2Nsb3VkL2Nsb3VkLmNmZy5kLzk5LWRpc2FibGUtbmV0d29yay1jb25maWcuY2ZnCiAgICBjb250ZW50OiB8CiAgICAgIG5ldHdvcms6IHsgY29uZmlnOiBkaXNhYmxlZCB9CiAgIyBDdXN0b20gTmV0cGxhbiBjb25maWd1cmF0aW9uCiAgLSBwYXRoOiAvZXRjL25ldHBsYW4vNTAtY2xvdWQtaW5pdC55YW1sCiAgICBjb250ZW50OiB8CiAgICAgICAgbmV0d29yazoKICAgICAgICAgICAgdmVyc2lvbjogMgogICAgICAgICAgICBldGhlcm5ldHM6CiAgICAgICAgICAgICAgICBlbnMxOTI6CiAgICAgICAgICAgICAgICAgICAgYWRkcmVzc2VzOgogICAgICAgICAgICAgICAgICAgICAgICAtIDE3Mi4yOS40Mi4xMi8yNAogICAgICAgICAgICAgICAgICAgIGdhdGV3YXk0OiAxNzIuMjkuNDIuMQogICAgICAgICAgICAgICAgICAgIG5hbWVzZXJ2ZXJzOgogICAgICAgICAgICAgICAgICAgICAgICBhZGRyZXNzZXM6CiAgICAgICAgICAgICAgICAgICAgICAgICAgICAtIDE3Mi4yOS4yNDUuMQogICAgICAgICAgICAgICAgICAgICAgICBzZWFyY2g6CiAgICAgICAgICAgICAgICAgICAgICAgICAgICAtIGR0LmVwdC5sdQogICMgRG9ja2VyIHJlZ2lzdHJ5IGNvbmZpZwogIC0gcGF0aDogL2V0Yy9kb2NrZXIvcmVnaXN0cnkvY29uZmlnLnltbAogICAgY29udGVudDogfAogICAgICAgIHZlcnNpb246IDAuMQogICAgICAgIGxvZzoKICAgICAgICAgICAgZmllbGRzOgogICAgICAgICAgICAgICAgc2VydmljZTogcmVnaXN0cnkKICAgICAgICBzdG9yYWdlOgogICAgICAgICAgICBjYWNoZToKICAgICAgICAgICAgICAgIGJsb2JkZXNjcmlwdG9yOiBpbm1lbW9yeQogICAgICAgICAgICBmaWxlc3lzdGVtOgogICAgICAgICAgICAgICAgcm9vdGRpcmVjdG9yeTogL3Zhci9saWIvcmVnaXN0cnkKICAgICAgICBodHRwOgogICAgICAgICAgICBhZGRyOiA6NTAwMAogICAgICAgICAgICBoZWFkZXJzOgogICAgICAgICAgICAgICAgWC1Db250ZW50LVR5cGUtT3B0aW9uczogW25vc25pZmZdCiAgICAgICAgaGVhbHRoOgogICAgICAgICAgICBzdG9yYWdlZHJpdmVyOgogICAgICAgICAgICAgICAgZW5hYmxlZDogdHJ1ZQogICAgICAgICAgICAgICAgaW50ZXJ2YWw6IDEwcwogICAgICAgICAgICAgICAgdGhyZXNob2xkOiAzCiAgICAgICAgcHJveHk6CiAgICAgICAgICAgIHJlbW90ZXVybDogaHR0cHM6Ly9yZWdpc3RyeS0xLmRvY2tlci5pbwogICAgICAgICAgICB1c2VybmFtZTogaWN0ZGV2b3BzCiAgICAgICAgICAgIHBhc3N3b3JkOiB4dWJnYTAtS2lubmFiLXJlcnBlegoKCiMgPT09PT09PT09PT09PT09PT09PT09PT09PT09PT09PT09PT09PT09PT09PT09PT09PT09PT09PT09PT09PT09PT09PT09CiMgUnVuLXRpbWUgc2V0dXAKIyA9PT09PT09PT09PT09PT09PT09PT09PT09PT09PT09PT09PT09PT09PT09PT09PT09PT09PT09PT09PT09PT09PT09PT0KCnJ1bmNtZDoKIyBBcHBseSBOZXRwbGFuIGNvbmZpZ3VyYXRpb24KLSBuZXRwbGFuIGFwcGx5CiMgU2V0IGhvc3RuYW1lCi0gaG9zdG5hbWVjdGwgc2V0LWhvc3RuYW1lIGRvY2tlci1yZWdpc3RyeS1raXJjaGJlcmcuZHQuZXB0Lmx1CiMgQ2xlYW51cCBEb2NrZXIKLSBhcHQtZ2V0IHJlbW92ZSAteSBkb2NrZXIgZG9ja2VyLWVuZ2luZSBkb2NrZXIuaW8gY29udGFpbmVyZCBydW5jCiMgSW5zdGFsbCBEb2NrZXIgZGVwZW5kZW5jaWVzCi0gYXB0LWdldCB1cGRhdGUKLSBhcHQtZ2V0IGluc3RhbGwgLXkgYXB0LXRyYW5zcG9ydC1odHRwcyBjYS1jZXJ0aWZpY2F0ZXMgY3VybCBnbnVwZyBsc2ItcmVsZWFzZQojIEFkZCBEb2NrZXIgR1BHIGtleQotIGN1cmwgLWZzU0wgaHR0cHM6Ly9kb3dubG9hZC5kb2NrZXIuY29tL2xpbnV4L3VidW50dS9ncGcgfCBzdWRvIGdwZyAtLWRlYXJtb3IgLW8gL3Vzci9zaGFyZS9rZXlyaW5ncy9kb2NrZXItYXJjaGl2ZS1rZXlyaW5nLmdwZwotIGVjaG8gImRlYiBbYXJjaD1hbWQ2NCBzaWduZWQtYnk9L3Vzci9zaGFyZS9rZXlyaW5ncy9kb2NrZXItYXJjaGl2ZS1rZXlyaW5nLmdwZ10gaHR0cHM6Ly9kb3dubG9hZC5kb2NrZXIuY29tL2xpbnV4L3VidW50dSAkKGxzYl9yZWxlYXNlIC1jcykgc3RhYmxlIiB8IHN1ZG8gdGVlIC9ldGMvYXB0L3NvdXJjZXMubGlzdC5kL2RvY2tlci5saXN0ID4gL2Rldi9udWxsCiMgSW5zdGFsbCBEb2NrZXIKLSBhcHQtZ2V0IHVwZGF0ZQotIGFwdC1nZXQgaW5zdGFsbCAteSBkb2NrZXItY2UgZG9ja2VyLWNlLWNsaSBjb250YWluZXJkLmlvCiMgUHJlcGFyZSByZWdpc3RyeSBlbnZpcm9ubWVudAotIG1rZGlyIC92YXIvbGliL3JlZ2lzdHJ5CiMgTG9naW4gdG8gRG9ja2VyIEh1YgotIGRvY2tlciBsb2dpbiAtdSBpY3RkZXZvcHMgLXAgeHViZ2EwLUtpbm5hYi1yZXJwZXoKIyBSdW4gRG9ja2VyIHJlZ2lzdHJ5Ci0gZG9ja2VyIHJ1biAtZCAtcCA1MDAwOjUwMDAgLS1yZXN0YXJ0PWFsd2F5cyAtLW5hbWUgcmVnaXN0cnkgLXYgL2V0Yy9kb2NrZXIvcmVnaXN0cnkvY29uZmlnLnltbDovZXRjL2RvY2tlci9yZWdpc3RyeS9jb25maWcueW1sIC12IC92YXIvbGliL3JlZ2lzdHJ5Oi92YXIvbGliL3JlZ2lzdHJ5IHJlZ2lzdHJ5OjIK"
                }
              }
            ],
            "vapp_transport": [
              "iso"
            ],
            "vbs_enabled": false,
            "vmware_tools_status": "guestToolsRunning",
            "vmx_path": "docker-registry-kirchberg/docker-registry-kirchberg.vmx",
            "vvtd_enabled": false,
            "wait_for_guest_ip_timeout": 0,
            "wait_for_guest_net_routable": true,
            "wait_for_guest_net_timeout": 5
          },
          "sensitive_attributes": [
            [
              {
                "type": "get_attr",
                "value": "vapp"
              },
              {
                "type": "index",
                "value": {
                  "value": 0,
                  "type": "number"
                }
              },
              {
                "type": "get_attr",
                "value": "properties"
              },
              {
                "type": "index",
                "value": {
                  "value": "user-data",
                  "type": "string"
                }
              }
            ]
          ],
          "private": "eyJzY2hlbWFfdmVyc2lvbiI6IjMifQ==",
          "dependencies": [
            "data.vsphere_resource_pool.kirchberg_low",
            "data.vsphere_virtual_machine.template_ubuntu",
            "data.vsphere_datacenter.default",
            "data.vsphere_datastore_cluster.default",
            "data.vsphere_network.k8s_servers"
          ]
        }
      ]
    },
    {
      "module": "module.ict-terraform",
      "mode": "managed",
      "type": "vsphere_virtual_machine",
      "name": "instance",
      "provider": "provider[\"registry.terraform.io/hashicorp/vsphere\"]",
      "instances": [
        {
          "schema_version": 3,
          "attributes": {
            "alternate_guest_name": "",
            "annotation": "",
            "boot_delay": 0,
            "boot_retry_delay": 10000,
            "boot_retry_enabled": false,
            "cdrom": [
              {
                "client_device": true,
                "datastore_id": "",
                "device_address": "ide:1:0",
                "key": 3002,
                "path": ""
              }
            ],
            "change_version": "2021-09-13T05:54:50.242819Z",
            "clone": [
              {
                "customize": [],
                "linked_clone": false,
                "ovf_network_map": null,
                "ovf_storage_map": null,
                "template_uuid": "423bbaf7-ebc0-a049-7a8f-49b8ed26e653",
                "timeout": 30
              }
            ],
            "cpu_hot_add_enabled": false,
            "cpu_hot_remove_enabled": false,
            "cpu_limit": -1,
            "cpu_performance_counters_enabled": false,
            "cpu_reservation": 0,
            "cpu_share_count": 4000,
            "cpu_share_level": "normal",
            "custom_attributes": null,
            "datacenter_id": null,
            "datastore_cluster_id": "group-p1633",
            "datastore_id": "datastore-42954",
            "default_ip_address": "172.29.252.80",
            "disk": [
              {
                "attach": false,
                "controller_type": "scsi",
                "datastore_id": "datastore-42954",
                "device_address": "scsi:0:0",
                "disk_mode": "persistent",
                "disk_sharing": "sharingNone",
                "eagerly_scrub": false,
                "io_limit": -1,
                "io_reservation": 0,
                "io_share_count": 1000,
                "io_share_level": "normal",
                "keep_on_remove": false,
                "key": 2000,
                "label": "disk0",
                "path": "terraform-01/terraform-01.vmdk",
                "size": 256,
                "storage_policy_id": "",
                "thin_provisioned": true,
                "unit_number": 0,
                "uuid": "6000C299-cd8b-a87a-9038-00f63cc80dac",
                "write_through": false
              }
            ],
            "efi_secure_boot_enabled": false,
            "enable_disk_uuid": false,
            "enable_logging": false,
            "ept_rvi_mode": "automatic",
            "extra_config": null,
            "firmware": "bios",
            "folder": "_root/DATI : ICT/Terraform",
            "force_power_off": true,
            "guest_id": "ubuntu64Guest",
            "guest_ip_addresses": [
              "172.29.252.80",
              "fe80::250:56ff:febb:348a"
            ],
            "hardware_version": 10,
            "host_system_id": "host-1733",
            "hv_mode": "hvAuto",
            "id": "423bc0dc-a7e2-2fb7-fa59-15bddc0d1412",
            "ide_controller_count": 2,
            "ignored_guest_ips": null,
            "imported": null,
            "latency_sensitivity": "normal",
            "memory": 4096,
            "memory_hot_add_enabled": false,
            "memory_limit": -1,
            "memory_reservation": 0,
            "memory_share_count": 40960,
            "memory_share_level": "normal",
            "migrate_wait_timeout": 30,
            "moid": "vm-290496",
            "name": "terraform-01",
            "nested_hv_enabled": false,
            "network_interface": [
              {
                "adapter_type": "vmxnet3",
                "bandwidth_limit": -1,
                "bandwidth_reservation": 0,
                "bandwidth_share_count": 50,
                "bandwidth_share_level": "normal",
                "device_address": "pci:0:7",
                "key": 4000,
                "mac_address": "00:50:56:bb:34:8a",
                "network_id": "dvportgroup-308",
                "ovf_mapping": "",
                "use_static_mac": false
              }
            ],
            "num_cores_per_socket": 4,
            "num_cpus": 4,
            "ovf_deploy": [],
            "pci_device_id": null,
            "poweron_timeout": 300,
            "reboot_required": false,
            "replace_trigger": null,
            "resource_pool_id": "resgroup-1631",
            "run_tools_scripts_after_power_on": true,
            "run_tools_scripts_after_resume": true,
            "run_tools_scripts_before_guest_reboot": false,
            "run_tools_scripts_before_guest_shutdown": true,
            "run_tools_scripts_before_guest_standby": true,
            "sata_controller_count": 0,
            "scsi_bus_sharing": "noSharing",
            "scsi_controller_count": 1,
            "scsi_type": "pvscsi",
            "shutdown_wait_timeout": 3,
            "storage_policy_id": "",
            "swap_placement_policy": "inherit",
            "sync_time_with_host": false,
            "sync_time_with_host_periodically": false,
            "tags": null,
            "uuid": "423bc0dc-a7e2-2fb7-fa59-15bddc0d1412",
            "vapp": [
              {
                "properties": {
                  "hostname": "terraform-01.ict.ptech.lu",
                  "user-data": "I2Nsb3VkLWNvbmZpZwoKIyA9PT09PT09PT09PT09PT09PT09PT09PT09PT09PT09PT09PT09PT09PT09PT09PT09PT09PT09PT09PT09PT09PT09PT0KIyBVc2VycywgYXV0aGVudGljYXRpb24gYW5kIG1pc2MuCiMgPT09PT09PT09PT09PT09PT09PT09PT09PT09PT09PT09PT09PT09PT09PT09PT09PT09PT09PT09PT09PT09PT09PT09Cgp1c2VyczoKICAtIG5hbWU6IGFuc2N0bAogICAgZ2Vjb3M6IGFuc2N0bAogICAgbG9ja19wYXNzd2Q6IHRydWUKICAgIHBsYWluX3RleHRfcGFzc3dkOiBhbnNjdGwKICAgIGdyb3Vwczogc3VkbywgdXNlcnMsIGFkbWluCiAgICBzaGVsbDogL2Jpbi9iYXNoCiAgICBzdWRvOiBBTEw9KEFMTCkgTk9QQVNTV0Q6QUxMCiAgICBzc2hfYXV0aG9yaXplZF9rZXlzOgogICAgICAtIHNzaC1yc2EgQUFBQUIzTnphQzF5YzJFQUFBQURBUUFCQUFBQ0FRRFVacjdqSysycURLcDFIUEp1UlFWM2JzWFhDdEsxektLTEhxL3c0ZkZpUDJnTU5BRE1RSmYxUzJJa2xBbG5jNlNVWCtwcUowWWg1cXJLQUpwQU01UFBWak52S2tXTUx4TE1EbVdQZmZyYWtOZWdMaWZub3BSUGVMMjY4WUYzTCtGVENya08rRkFFL1lOUElETmxkamNFb0tXaDJaVktUd2Mvb3RWcXo4UTlqZU9xR1IwaDNqRnFvcDVqaWxyQTMvbGF0UjBMQk1VZzJMQmVBR3dZSW5vQjFoM2hJVWdpT2Fyb3QxMDNNTW5pVUZGWnM2NzVrWi9qZmRaNkFlKzhaWHJFWWZvNFNXaElnOVI1THowaFgxQ0FBQVM5WmhtQUdmbksyaDFwcENKaU9LSnJJYmI1MEhMUjI5TkNCZFZTTGNPRGxPNkE0QXNCNk9BTEhKYkdyblBIakpTS0EyU3R5V2JmbVNQT3JaejdSaEdCUmt6cDZmL3hhY2RGajBLVGJrVW5xcEM4YldJODdqTHc3ZnYxQmRwWkZsdHhkbWhKQk5rTnl6dTR1V2V0UkFkS1hIZXp5eklWdVdDRTlpOGpnWE8vVzYxcnkxL0dSRjJ1WUZkelRiVmZKY3REelE0ZmQrdmU1VHFRNkN2dzZ6RTFSSDhGd1ZrRWNZZTdyc2NsWGxvSngvTTR5Tjd5a2pSUTVEN0VGekg1ZUIyRit5b3hGZ0hkK05aSjlmK042MTIvTThpWXNSdHdveGxvb2l3SXlJRmVocVBsZUJNZG9kMzVYNEhMRS9HL0UzbTFMdlFpcytwbmZTN2RDS0c3ZDV2bTMweEJUTS91MUx0VVJ1d3NsQU9TYVBubTNvMXlYVkpOMEtueVpuMGRPTHpEY0NHME9BdXZ2alBRVUZPZDh3PT0gYW5zY3RsLXBvc3QKCgpkaXNhYmxlX3Jvb3Q6IHRydWUKc3NoX3B3YXV0aDogZmFsc2UKaG9zdG5hbWU6IHRlcnJhZm9ybS0wMS5pY3QucHRlY2gubHUKCiMgPT09PT09PT09PT09PT09PT09PT09PT09PT09PT09PT09PT09PT09PT09PT09PT09PT09PT09PT09PT09PT09PT09PT09CiMgQ29uZmlnLXRpbWUgc2V0dXAKIyA9PT09PT09PT09PT09PT09PT09PT09PT09PT09PT09PT09PT09PT09PT09PT09PT09PT09PT09PT09PT09PT09PT09PT0KCndyaXRlX2ZpbGVzOgogICMgRGlzYWJsZSBhdXRvbWF0aWMgTmV0cGxhbiBjb25maWd1cmF0aW9uCiAgLSBwYXRoOiAvZXRjL2Nsb3VkL2Nsb3VkLmNmZy5kLzk5LWRpc2FibGUtbmV0d29yay1jb25maWcuY2ZnCiAgICBjb250ZW50OiB8CiAgICAgIG5ldHdvcms6IHsgY29uZmlnOiBkaXNhYmxlZCB9CiAgIyBDdXN0b20gTmV0cGxhbiBjb25maWd1cmF0aW9uCiAgLSBwYXRoOiAvZXRjL25ldHBsYW4vNTAtY2xvdWQtaW5pdC55YW1sCiAgICBjb250ZW50OiB8CiAgICAgICAgbmV0d29yazoKICAgICAgICAgICAgdmVyc2lvbjogMgogICAgICAgICAgICBldGhlcm5ldHM6CiAgICAgICAgICAgICAgICBlbnMxOTI6CiAgICAgICAgICAgICAgICAgICAgYWRkcmVzc2VzOgogICAgICAgICAgICAgICAgICAgICAgICAtIDE3Mi4yOS4yNTIuODAvMjQKICAgICAgICAgICAgICAgICAgICBnYXRld2F5NDogMTcyLjI5LjI1Mi4xCiAgICAgICAgICAgICAgICAgICAgbmFtZXNlcnZlcnM6CiAgICAgICAgICAgICAgICAgICAgICAgIGFkZHJlc3NlczoKICAgICAgICAgICAgICAgICAgICAgICAgICAgIC0gMTcyLjI5LjI0NS4xCgojID09PT09PT09PT09PT09PT09PT09PT09PT09PT09PT09PT09PT09PT09PT09PT09PT09PT09PT09PT09PT09PT09PT09PQojIFJ1bi10aW1lIHNldHVwCiMgPT09PT09PT09PT09PT09PT09PT09PT09PT09PT09PT09PT09PT09PT09PT09PT09PT09PT09PT09PT09PT09PT09PT09CgpydW5jbWQ6CiMgQXBwbHkgTmV0cGxhbiBjb25maWd1cmF0aW9uCi0gbmV0cGxhbiBhcHBseQojIFNldCBob3N0bmFtZQotIGhvc3RuYW1lY3RsIHNldC1ob3N0bmFtZSB0ZXJyYWZvcm0tMDEuaWN0LnB0ZWNoLmx1Cg=="
                }
              }
            ],
            "vapp_transport": [
              "iso"
            ],
            "vbs_enabled": false,
            "vmware_tools_status": "guestToolsRunning",
            "vmx_path": "terraform-01/terraform-01.vmx",
            "vvtd_enabled": false,
            "wait_for_guest_ip_timeout": 0,
            "wait_for_guest_net_routable": true,
            "wait_for_guest_net_timeout": 5
          },
          "sensitive_attributes": [],
          "private": "eyJzY2hlbWFfdmVyc2lvbiI6IjMifQ==",
          "dependencies": [
            "data.vsphere_datastore_cluster.default",
            "data.vsphere_network.devops",
            "data.vsphere_resource_pool.kirchberg_low",
            "data.vsphere_virtual_machine.template_ubuntu"
          ]
        }
      ]
    },
    {
      "module": "module.vlcn-test",
      "mode": "managed",
      "type": "vsphere_virtual_machine",
      "name": "instance",
      "provider": "provider[\"registry.terraform.io/hashicorp/vsphere\"]",
      "instances": [
        {
          "schema_version": 3,
          "attributes": {
            "alternate_guest_name": "",
            "annotation": "",
            "boot_delay": 0,
            "boot_retry_delay": 10000,
            "boot_retry_enabled": false,
            "cdrom": [
              {
                "client_device": true,
                "datastore_id": "",
                "device_address": "ide:1:0",
                "key": 3002,
                "path": ""
              }
            ],
            "change_version": "2021-09-10T10:22:59.991239Z",
            "clone": [
              {
                "customize": [],
                "linked_clone": false,
                "ovf_network_map": {},
                "ovf_storage_map": {},
                "template_uuid": "423bbaf7-ebc0-a049-7a8f-49b8ed26e653",
                "timeout": 30
              }
            ],
            "cpu_hot_add_enabled": false,
            "cpu_hot_remove_enabled": false,
            "cpu_limit": -1,
            "cpu_performance_counters_enabled": false,
            "cpu_reservation": 0,
            "cpu_share_count": 1000,
            "cpu_share_level": "normal",
            "custom_attributes": {},
            "datacenter_id": null,
            "datastore_cluster_id": "group-p1633",
            "datastore_id": "datastore-42954",
            "default_ip_address": "172.29.252.72",
            "disk": [
              {
                "attach": false,
                "controller_type": "scsi",
                "datastore_id": "datastore-42954",
                "device_address": "scsi:0:0",
                "disk_mode": "persistent",
                "disk_sharing": "sharingNone",
                "eagerly_scrub": false,
                "io_limit": -1,
                "io_reservation": 0,
                "io_share_count": 1000,
                "io_share_level": "normal",
                "keep_on_remove": false,
                "key": 2000,
                "label": "disk0",
                "path": "vlcn-test/vlcn-test.vmdk",
                "size": 126,
                "storage_policy_id": "",
                "thin_provisioned": true,
                "unit_number": 0,
                "uuid": "6000C299-cd8b-a87a-9038-00f63cc80dac",
                "write_through": false
              }
            ],
            "efi_secure_boot_enabled": false,
            "enable_disk_uuid": false,
            "enable_logging": false,
            "ept_rvi_mode": "automatic",
            "extra_config": {},
            "firmware": "bios",
            "folder": "_root/DATI : ICT",
            "force_power_off": true,
            "guest_id": "ubuntu64Guest",
            "guest_ip_addresses": [
              "172.29.252.72",
              "fe80::250:56ff:febb:c35d"
            ],
            "hardware_version": 10,
            "host_system_id": "host-1506",
            "hv_mode": "hvAuto",
            "id": "423bedb5-14ea-7d44-fafc-eba2890e33cb",
            "ide_controller_count": 2,
            "ignored_guest_ips": null,
            "imported": null,
            "latency_sensitivity": "normal",
            "memory": 1024,
            "memory_hot_add_enabled": false,
            "memory_limit": -1,
            "memory_reservation": 0,
            "memory_share_count": 10240,
            "memory_share_level": "normal",
            "migrate_wait_timeout": 30,
            "moid": "vm-288220",
            "name": "vlcn-test",
            "nested_hv_enabled": false,
            "network_interface": [
              {
                "adapter_type": "vmxnet3",
                "bandwidth_limit": -1,
                "bandwidth_reservation": 0,
                "bandwidth_share_count": 50,
                "bandwidth_share_level": "normal",
                "device_address": "pci:0:7",
                "key": 4000,
                "mac_address": "00:50:56:bb:c3:5d",
                "network_id": "dvportgroup-308",
                "ovf_mapping": "",
                "use_static_mac": false
              }
            ],
            "num_cores_per_socket": 1,
            "num_cpus": 1,
            "ovf_deploy": [],
            "pci_device_id": [],
            "poweron_timeout": 300,
            "reboot_required": false,
            "replace_trigger": null,
            "resource_pool_id": "resgroup-1631",
            "run_tools_scripts_after_power_on": true,
            "run_tools_scripts_after_resume": true,
            "run_tools_scripts_before_guest_reboot": false,
            "run_tools_scripts_before_guest_shutdown": true,
            "run_tools_scripts_before_guest_standby": true,
            "sata_controller_count": 0,
            "scsi_bus_sharing": "noSharing",
            "scsi_controller_count": 1,
            "scsi_type": "pvscsi",
            "shutdown_wait_timeout": 3,
            "storage_policy_id": "",
            "swap_placement_policy": "inherit",
            "sync_time_with_host": false,
            "sync_time_with_host_periodically": false,
            "tags": [],
            "uuid": "423bedb5-14ea-7d44-fafc-eba2890e33cb",
            "vapp": [
              {
                "properties": {
                  "hostname": "vlcn-test",
                  "user-data": "I2Nsb3VkLWNvbmZpZwoKIyA9PT09PT09PT09PT09PT09PT09PT09PT09PT09PT09PT09PT09PT09PT09PT09PT09PT09PT09PT09PT09PT09PT09PT0KIyBVc2VycywgYXV0aGVudGljYXRpb24gYW5kIG1pc2MuCiMgPT09PT09PT09PT09PT09PT09PT09PT09PT09PT09PT09PT09PT09PT09PT09PT09PT09PT09PT09PT09PT09PT09PT09Cgp1c2VyczoKICAtIG5hbWU6IGFuc2N0bAogICAgZ2Vjb3M6IGFuc2N0bAogICAgbG9ja19wYXNzd2Q6IHRydWUKICAgIHBsYWluX3RleHRfcGFzc3dkOiBhbnNjdGwKICAgIGdyb3Vwczogc3VkbywgdXNlcnMsIGFkbWluCiAgICBzaGVsbDogL2Jpbi9iYXNoCiAgICBzdWRvOiBBTEw9KEFMTCkgTk9QQVNTV0Q6QUxMCiAgICBzc2hfYXV0aG9yaXplZF9rZXlzOgogICAgICAtIHNzaC1yc2EgQUFBQUIzTnphQzF5YzJFQUFBQURBUUFCQUFBQ0FRRFVacjdqSysycURLcDFIUEp1UlFWM2JzWFhDdEsxektLTEhxL3c0ZkZpUDJnTU5BRE1RSmYxUzJJa2xBbG5jNlNVWCtwcUowWWg1cXJLQUpwQU01UFBWak52S2tXTUx4TE1EbVdQZmZyYWtOZWdMaWZub3BSUGVMMjY4WUYzTCtGVENya08rRkFFL1lOUElETmxkamNFb0tXaDJaVktUd2Mvb3RWcXo4UTlqZU9xR1IwaDNqRnFvcDVqaWxyQTMvbGF0UjBMQk1VZzJMQmVBR3dZSW5vQjFoM2hJVWdpT2Fyb3QxMDNNTW5pVUZGWnM2NzVrWi9qZmRaNkFlKzhaWHJFWWZvNFNXaElnOVI1THowaFgxQ0FBQVM5WmhtQUdmbksyaDFwcENKaU9LSnJJYmI1MEhMUjI5TkNCZFZTTGNPRGxPNkE0QXNCNk9BTEhKYkdyblBIakpTS0EyU3R5V2JmbVNQT3JaejdSaEdCUmt6cDZmL3hhY2RGajBLVGJrVW5xcEM4YldJODdqTHc3ZnYxQmRwWkZsdHhkbWhKQk5rTnl6dTR1V2V0UkFkS1hIZXp5eklWdVdDRTlpOGpnWE8vVzYxcnkxL0dSRjJ1WUZkelRiVmZKY3REelE0ZmQrdmU1VHFRNkN2dzZ6RTFSSDhGd1ZrRWNZZTdyc2NsWGxvSngvTTR5Tjd5a2pSUTVEN0VGekg1ZUIyRit5b3hGZ0hkK05aSjlmK042MTIvTThpWXNSdHdveGxvb2l3SXlJRmVocVBsZUJNZG9kMzVYNEhMRS9HL0UzbTFMdlFpcytwbmZTN2RDS0c3ZDV2bTMweEJUTS91MUx0VVJ1d3NsQU9TYVBubTNvMXlYVkpOMEtueVpuMGRPTHpEY0NHME9BdXZ2alBRVUZPZDh3PT0gYW5zY3RsLXBvc3QKCgpkaXNhYmxlX3Jvb3Q6IHRydWUKc3NoX3B3YXV0aDogZmFsc2UKaG9zdG5hbWU6IHZsY24tdGVzdAoKIyA9PT09PT09PT09PT09PT09PT09PT09PT09PT09PT09PT09PT09PT09PT09PT09PT09PT09PT09PT09PT09PT09PT09PT0KIyBDb25maWctdGltZSBzZXR1cAojID09PT09PT09PT09PT09PT09PT09PT09PT09PT09PT09PT09PT09PT09PT09PT09PT09PT09PT09PT09PT09PT09PT09PQoKd3JpdGVfZmlsZXM6CiAgIyBEaXNhYmxlIGF1dG9tYXRpYyBOZXRwbGFuIGNvbmZpZ3VyYXRpb24KICAtIHBhdGg6IC9ldGMvY2xvdWQvY2xvdWQuY2ZnLmQvOTktZGlzYWJsZS1uZXR3b3JrLWNvbmZpZy5jZmcKICAgIGNvbnRlbnQ6IHwKICAgICAgbmV0d29yazogeyBjb25maWc6IGRpc2FibGVkIH0KICAjIEN1c3RvbSBOZXRwbGFuIGNvbmZpZ3VyYXRpb24KICAtIHBhdGg6IC9ldGMvbmV0cGxhbi81MC1jbG91ZC1pbml0LnlhbWwKICAgIGNvbnRlbnQ6IHwKICAgICAgICBuZXR3b3JrOgogICAgICAgICAgICB2ZXJzaW9uOiAyCiAgICAgICAgICAgIGV0aGVybmV0czoKICAgICAgICAgICAgICAgIGVuczE5MjoKICAgICAgICAgICAgICAgICAgICBhZGRyZXNzZXM6CiAgICAgICAgICAgICAgICAgICAgICAgIC0gMTcyLjI5LjI1Mi43Mi8yNAogICAgICAgICAgICAgICAgICAgIGdhdGV3YXk0OiAxNzIuMjkuMjUyLjEKICAgICAgICAgICAgICAgICAgICBuYW1lc2VydmVyczoKICAgICAgICAgICAgICAgICAgICAgICAgYWRkcmVzc2VzOgogICAgICAgICAgICAgICAgICAgICAgICAgICAgLSAxNzIuMjkuMjQ1LjEKCiMgPT09PT09PT09PT09PT09PT09PT09PT09PT09PT09PT09PT09PT09PT09PT09PT09PT09PT09PT09PT09PT09PT09PT09CiMgUnVuLXRpbWUgc2V0dXAKIyA9PT09PT09PT09PT09PT09PT09PT09PT09PT09PT09PT09PT09PT09PT09PT09PT09PT09PT09PT09PT09PT09PT09PT0KCnJ1bmNtZDoKIyBBcHBseSBOZXRwbGFuIGNvbmZpZ3VyYXRpb24KLSBuZXRwbGFuIGFwcGx5CiMgU2V0IGhvc3RuYW1lCi0gaG9zdG5hbWVjdGwgc2V0LWhvc3RuYW1lIHZsY24tdGVzdAo="
                }
              }
            ],
            "vapp_transport": [
              "iso"
            ],
            "vbs_enabled": false,
            "vmware_tools_status": "guestToolsRunning",
            "vmx_path": "vlcn-test/vlcn-test.vmx",
            "vvtd_enabled": false,
            "wait_for_guest_ip_timeout": 0,
            "wait_for_guest_net_routable": true,
            "wait_for_guest_net_timeout": 5
          },
          "sensitive_attributes": [],
          "private": "eyJzY2hlbWFfdmVyc2lvbiI6IjMifQ==",
          "dependencies": [
            "data.vsphere_datastore_cluster.default",
            "data.vsphere_network.devops",
            "data.vsphere_resource_pool.kirchberg_low",
            "data.vsphere_virtual_machine.template_ubuntu",
            "data.vsphere_datacenter.default"
          ]
        }
      ]
    }
  ]
}
